
Microsoft Visual Studio Solution File, Format Version 12.00
# Visual Studio Version 16
VisualStudioVersion = 16.0.29806.167
MinimumVisualStudioVersion = 10.0.40219.1
Project("{9A19103F-16F7-4668-BE54-9A1E7A4F7556}") = "HW03.Task1", "HW03.Task1\HW03.Task1.csproj", "{BAE04FC7-FF4B-4EB4-BB39-E22AFA0C314A}"
EndProject
Project("{9A19103F-16F7-4668-BE54-9A1E7A4F7556}") = "HW03.Task2", "HW03.Task2\HW03.Task2.csproj", "{8D6BC6D9-ABEB-44D9-BB3F-3F51446E89EA}"
EndProject
Project("{9A19103F-16F7-4668-BE54-9A1E7A4F7556}") = "HW03.Task3", "HW03.Task3\HW03.Task3.csproj", "{EAF2840A-850E-4309-BF72-620450E46299}"
EndProject
Project("{FAE04EC0-301F-11D3-BF4B-00C04F79EFBC}") = "HW06.Task1", "HW06.Task1\HW06.Task1.csproj", "{66359E86-926C-45FE-9C39-7D4BD6BFFBC3}"
EndProject
Project("{FAE04EC0-301F-11D3-BF4B-00C04F79EFBC}") = "HW06.Task2", "HW06.Task2\HW06.Task2.csproj", "{1DB782CF-550A-42CB-8344-48E2F2CA9568}"
EndProject
Project("{FAE04EC0-301F-11D3-BF4B-00C04F79EFBC}") = "HW06.Task3", "HW06.Task3\HW06.Task3.csproj", "{A56DBA17-AC7B-4A07-B2B6-2A2BA96F13FA}"
EndProject
Global
	GlobalSection(SolutionConfigurationPlatforms) = preSolution
		Debug|Any CPU = Debug|Any CPU
		Release|Any CPU = Release|Any CPU
	EndGlobalSection
	GlobalSection(ProjectConfigurationPlatforms) = postSolution
		{BAE04FC7-FF4B-4EB4-BB39-E22AFA0C314A}.Debug|Any CPU.ActiveCfg = Debug|Any CPU
		{BAE04FC7-FF4B-4EB4-BB39-E22AFA0C314A}.Debug|Any CPU.Build.0 = Debug|Any CPU
		{BAE04FC7-FF4B-4EB4-BB39-E22AFA0C314A}.Release|Any CPU.ActiveCfg = Release|Any CPU
		{BAE04FC7-FF4B-4EB4-BB39-E22AFA0C314A}.Release|Any CPU.Build.0 = Release|Any CPU
		{8D6BC6D9-ABEB-44D9-BB3F-3F51446E89EA}.Debug|Any CPU.ActiveCfg = Debug|Any CPU
		{8D6BC6D9-ABEB-44D9-BB3F-3F51446E89EA}.Debug|Any CPU.Build.0 = Debug|Any CPU
		{8D6BC6D9-ABEB-44D9-BB3F-3F51446E89EA}.Release|Any CPU.ActiveCfg = Release|Any CPU
		{8D6BC6D9-ABEB-44D9-BB3F-3F51446E89EA}.Release|Any CPU.Build.0 = Release|Any CPU
		{EAF2840A-850E-4309-BF72-620450E46299}.Debug|Any CPU.ActiveCfg = Debug|Any CPU
		{EAF2840A-850E-4309-BF72-620450E46299}.Debug|Any CPU.Build.0 = Debug|Any CPU
		{EAF2840A-850E-4309-BF72-620450E46299}.Release|Any CPU.ActiveCfg = Release|Any CPU
		{EAF2840A-850E-4309-BF72-620450E46299}.Release|Any CPU.Build.0 = Release|Any CPU
		{66359E86-926C-45FE-9C39-7D4BD6BFFBC3}.Debug|Any CPU.ActiveCfg = Debug|Any CPU
		{66359E86-926C-45FE-9C39-7D4BD6BFFBC3}.Debug|Any CPU.Build.0 = Debug|Any CPU
		{66359E86-926C-45FE-9C39-7D4BD6BFFBC3}.Release|Any CPU.ActiveCfg = Release|Any CPU
		{66359E86-926C-45FE-9C39-7D4BD6BFFBC3}.Release|Any CPU.Build.0 = Release|Any CPU
		{1DB782CF-550A-42CB-8344-48E2F2CA9568}.Debug|Any CPU.ActiveCfg = Debug|Any CPU
		{1DB782CF-550A-42CB-8344-48E2F2CA9568}.Debug|Any CPU.Build.0 = Debug|Any CPU
		{1DB782CF-550A-42CB-8344-48E2F2CA9568}.Release|Any CPU.ActiveCfg = Release|Any CPU
		{1DB782CF-550A-42CB-8344-48E2F2CA9568}.Release|Any CPU.Build.0 = Release|Any CPU
		{A56DBA17-AC7B-4A07-B2B6-2A2BA96F13FA}.Debug|Any CPU.ActiveCfg = Debug|Any CPU
		{A56DBA17-AC7B-4A07-B2B6-2A2BA96F13FA}.Debug|Any CPU.Build.0 = Debug|Any CPU
		{A56DBA17-AC7B-4A07-B2B6-2A2BA96F13FA}.Release|Any CPU.ActiveCfg = Release|Any CPU
		{A56DBA17-AC7B-4A07-B2B6-2A2BA96F13FA}.Release|Any CPU.Build.0 = Release|Any CPU
	EndGlobalSection
	GlobalSection(SolutionProperties) = preSolution
		HideSolutionNode = FALSE
	EndGlobalSection
	GlobalSection(ExtensibilityGlobals) = postSolution
		SolutionGuid = {1DBBF229-5D69-479B-9C22-42BFB6FA5165}
	EndGlobalSection
EndGlobal
